
Microsoft Visual Studio Solution File, Format Version 12.00
# Visual Studio 15
VisualStudioVersion = 15.0.26730.12
MinimumVisualStudioVersion = 10.0.40219.1
Project("{FAE04EC0-301F-11D3-BF4B-00C04F79EFBC}") = "WebApplication", "WebApplication\WebApplication.csproj", "{055646A7-4279-47E9-97E1-3068F90A71DE}"
EndProject
Global
	GlobalSection(SolutionConfigurationPlatforms) = preSolution
		Debug|Any CPU = Debug|Any CPU
		Release|Any CPU = Release|Any CPU
	EndGlobalSection
	GlobalSection(ProjectConfigurationPlatforms) = postSolution
		{055646A7-4279-47E9-97E1-3068F90A71DE}.Debug|Any CPU.ActiveCfg = Debug|Any CPU
		{055646A7-4279-47E9-97E1-3068F90A71DE}.Debug|Any CPU.Build.0 = Debug|Any CPU
		{055646A7-4279-47E9-97E1-3068F90A71DE}.Release|Any CPU.ActiveCfg = Release|Any CPU
		{055646A7-4279-47E9-97E1-3068F90A71DE}.Release|Any CPU.Build.0 = Release|Any CPU
	EndGlobalSection
	GlobalSection(SolutionProperties) = preSolution
		HideSolutionNode = FALSE
	EndGlobalSection
	GlobalSection(ExtensibilityGlobals) = postSolution
		SolutionGuid = {F42D8B57-2F3B-4C1B-82BF-D8C6D78CCB5C}
	EndGlobalSection
EndGlobal
